
Microsoft Visual Studio Solution File, Format Version 12.00
# Visual Studio Version 16
VisualStudioVersion = 16.0.29509.3
MinimumVisualStudioVersion = 10.0.40219.1
Project("{FAE04EC0-301F-11D3-BF4B-00C04F79EFBC}") = "TelegramSMM", "TelegramSMM\TelegramSMM.csproj", "{9BC5B869-DD57-4A0D-9AED-03B2B6ACC2B1}"
EndProject
Project("{FAE04EC0-301F-11D3-BF4B-00C04F79EFBC}") = "AdminDesctopApp", "AdminDesctopApp\AdminDesctopApp.csproj", "{4F1786DB-E6F7-48F9-ABCC-4FC7F8FCED6C}"
EndProject
Global
	GlobalSection(SolutionConfigurationPlatforms) = preSolution
		Debug|Any CPU = Debug|Any CPU
		Release|Any CPU = Release|Any CPU
	EndGlobalSection
	GlobalSection(ProjectConfigurationPlatforms) = postSolution
		{9BC5B869-DD57-4A0D-9AED-03B2B6ACC2B1}.Debug|Any CPU.ActiveCfg = Debug|Any CPU
		{9BC5B869-DD57-4A0D-9AED-03B2B6ACC2B1}.Debug|Any CPU.Build.0 = Debug|Any CPU
		{9BC5B869-DD57-4A0D-9AED-03B2B6ACC2B1}.Release|Any CPU.ActiveCfg = Release|Any CPU
		{9BC5B869-DD57-4A0D-9AED-03B2B6ACC2B1}.Release|Any CPU.Build.0 = Release|Any CPU
		{4F1786DB-E6F7-48F9-ABCC-4FC7F8FCED6C}.Debug|Any CPU.ActiveCfg = Debug|Any CPU
		{4F1786DB-E6F7-48F9-ABCC-4FC7F8FCED6C}.Debug|Any CPU.Build.0 = Debug|Any CPU
		{4F1786DB-E6F7-48F9-ABCC-4FC7F8FCED6C}.Release|Any CPU.ActiveCfg = Release|Any CPU
		{4F1786DB-E6F7-48F9-ABCC-4FC7F8FCED6C}.Release|Any CPU.Build.0 = Release|Any CPU
	EndGlobalSection
	GlobalSection(SolutionProperties) = preSolution
		HideSolutionNode = FALSE
	EndGlobalSection
	GlobalSection(ExtensibilityGlobals) = postSolution
		SolutionGuid = {2EF3BC28-5C85-46EC-83B7-BE7BF9AA532E}
	EndGlobalSection
EndGlobal
